
Microsoft Visual Studio Solution File, Format Version 12.00
# Visual Studio 15
VisualStudioVersion = 15.0.28010.2016
MinimumVisualStudioVersion = 10.0.40219.1
Project("{FAE04EC0-301F-11D3-BF4B-00C04F79EFBC}") = "AzurePublishApi", "AzurePublishApi\AzurePublishApi.csproj", "{1369C9C0-3D36-4779-8940-092B76519B31}"
EndProject
Project("{FAE04EC0-301F-11D3-BF4B-00C04F79EFBC}") = "QueueWorker", "QueueWorker\QueueWorker.csproj", "{9DEC171C-9389-45F6-8FD0-8791B3D29A2F}"
EndProject
Project("{FAE04EC0-301F-11D3-BF4B-00C04F79EFBC}") = "RabbitMqBindings", "RabbitMqBindings\RabbitMqBindings.csproj", "{F39A5746-1555-47AD-8668-A881187A1F28}"
EndProject
Global
	GlobalSection(SolutionConfigurationPlatforms) = preSolution
		Debug|Any CPU = Debug|Any CPU
		Release|Any CPU = Release|Any CPU
	EndGlobalSection
	GlobalSection(ProjectConfigurationPlatforms) = postSolution
		{1369C9C0-3D36-4779-8940-092B76519B31}.Debug|Any CPU.ActiveCfg = Debug|Any CPU
		{1369C9C0-3D36-4779-8940-092B76519B31}.Debug|Any CPU.Build.0 = Debug|Any CPU
		{1369C9C0-3D36-4779-8940-092B76519B31}.Release|Any CPU.ActiveCfg = Release|Any CPU
		{1369C9C0-3D36-4779-8940-092B76519B31}.Release|Any CPU.Build.0 = Release|Any CPU
		{9DEC171C-9389-45F6-8FD0-8791B3D29A2F}.Debug|Any CPU.ActiveCfg = Debug|Any CPU
		{9DEC171C-9389-45F6-8FD0-8791B3D29A2F}.Debug|Any CPU.Build.0 = Debug|Any CPU
		{9DEC171C-9389-45F6-8FD0-8791B3D29A2F}.Release|Any CPU.ActiveCfg = Release|Any CPU
		{9DEC171C-9389-45F6-8FD0-8791B3D29A2F}.Release|Any CPU.Build.0 = Release|Any CPU
		{F39A5746-1555-47AD-8668-A881187A1F28}.Debug|Any CPU.ActiveCfg = Debug|Any CPU
		{F39A5746-1555-47AD-8668-A881187A1F28}.Debug|Any CPU.Build.0 = Debug|Any CPU
		{F39A5746-1555-47AD-8668-A881187A1F28}.Release|Any CPU.ActiveCfg = Release|Any CPU
		{F39A5746-1555-47AD-8668-A881187A1F28}.Release|Any CPU.Build.0 = Release|Any CPU
	EndGlobalSection
	GlobalSection(SolutionProperties) = preSolution
		HideSolutionNode = FALSE
	EndGlobalSection
	GlobalSection(ExtensibilityGlobals) = postSolution
		SolutionGuid = {D280A978-F24E-4A75-A7C1-5262A11CDD47}
	EndGlobalSection
EndGlobal
